
Microsoft Visual Studio Solution File, Format Version 12.00
# Visual Studio Version 17
VisualStudioVersion = 17.1.32328.378
MinimumVisualStudioVersion = 10.0.40219.1
Project("{FAE04EC0-301F-11D3-BF4B-00C04F79EFBC}") = "Workoutapp.Domain", "Workoutapp.Entity\Workoutapp.Domain.csproj", "{CCF12E00-40F2-4AFC-BCF6-41349F7BDBD1}"
EndProject
Project("{FAE04EC0-301F-11D3-BF4B-00C04F79EFBC}") = "WorkoutApp.Api", "WorkoutApp.Api\WorkoutApp.Api.csproj", "{56B22213-BD6F-43E1-BF91-265B6BA2B88A}"
EndProject
Global
	GlobalSection(SolutionConfigurationPlatforms) = preSolution
		Debug|Any CPU = Debug|Any CPU
		Release|Any CPU = Release|Any CPU
	EndGlobalSection
	GlobalSection(ProjectConfigurationPlatforms) = postSolution
		{CCF12E00-40F2-4AFC-BCF6-41349F7BDBD1}.Debug|Any CPU.ActiveCfg = Debug|Any CPU
		{CCF12E00-40F2-4AFC-BCF6-41349F7BDBD1}.Debug|Any CPU.Build.0 = Debug|Any CPU
		{CCF12E00-40F2-4AFC-BCF6-41349F7BDBD1}.Release|Any CPU.ActiveCfg = Release|Any CPU
		{CCF12E00-40F2-4AFC-BCF6-41349F7BDBD1}.Release|Any CPU.Build.0 = Release|Any CPU
		{56B22213-BD6F-43E1-BF91-265B6BA2B88A}.Debug|Any CPU.ActiveCfg = Debug|Any CPU
		{56B22213-BD6F-43E1-BF91-265B6BA2B88A}.Debug|Any CPU.Build.0 = Debug|Any CPU
		{56B22213-BD6F-43E1-BF91-265B6BA2B88A}.Release|Any CPU.ActiveCfg = Release|Any CPU
		{56B22213-BD6F-43E1-BF91-265B6BA2B88A}.Release|Any CPU.Build.0 = Release|Any CPU
	EndGlobalSection
	GlobalSection(SolutionProperties) = preSolution
		HideSolutionNode = FALSE
	EndGlobalSection
	GlobalSection(ExtensibilityGlobals) = postSolution
		SolutionGuid = {BD2641B5-3697-44B5-B790-E42EE3212D32}
	EndGlobalSection
EndGlobal
